
Microsoft Visual Studio Solution File, Format Version 12.00
# Visual Studio Version 17
VisualStudioVersion = 17.10.35122.118
MinimumVisualStudioVersion = 10.0.40219.1
Project("{FAE04EC0-301F-11D3-BF4B-00C04F79EFBC}") = "Adoadvanced", "Adoadvanced\Adoadvanced.csproj", "{56928E3F-F56B-4B26-A456-A0B9193450DA}"
EndProject
Global
	GlobalSection(SolutionConfigurationPlatforms) = preSolution
		Debug|Any CPU = Debug|Any CPU
		Release|Any CPU = Release|Any CPU
	EndGlobalSection
	GlobalSection(ProjectConfigurationPlatforms) = postSolution
		{56928E3F-F56B-4B26-A456-A0B9193450DA}.Debug|Any CPU.ActiveCfg = Debug|Any CPU
		{56928E3F-F56B-4B26-A456-A0B9193450DA}.Debug|Any CPU.Build.0 = Debug|Any CPU
		{56928E3F-F56B-4B26-A456-A0B9193450DA}.Release|Any CPU.ActiveCfg = Release|Any CPU
		{56928E3F-F56B-4B26-A456-A0B9193450DA}.Release|Any CPU.Build.0 = Release|Any CPU
	EndGlobalSection
	GlobalSection(SolutionProperties) = preSolution
		HideSolutionNode = FALSE
	EndGlobalSection
	GlobalSection(ExtensibilityGlobals) = postSolution
		SolutionGuid = {F79155B0-96C0-4EC4-BB80-238BDB3D79E0}
	EndGlobalSection
EndGlobal
